
Microsoft Visual Studio Solution File, Format Version 12.00
# Visual Studio Version 17
VisualStudioVersion = 17.14.36202.13 d17.14
MinimumVisualStudioVersion = 10.0.40219.1
Project("{FAE04EC0-301F-11D3-BF4B-00C04F79EFBC}") = "Projeto1", "Projeto1\Projeto1.csproj", "{303DD535-D4BA-440E-A72E-BE86DF6CCB69}"
EndProject
Global
	GlobalSection(SolutionConfigurationPlatforms) = preSolution
		Debug|Any CPU = Debug|Any CPU
		Release|Any CPU = Release|Any CPU
	EndGlobalSection
	GlobalSection(ProjectConfigurationPlatforms) = postSolution
		{303DD535-D4BA-440E-A72E-BE86DF6CCB69}.Debug|Any CPU.ActiveCfg = Debug|Any CPU
		{303DD535-D4BA-440E-A72E-BE86DF6CCB69}.Debug|Any CPU.Build.0 = Debug|Any CPU
		{303DD535-D4BA-440E-A72E-BE86DF6CCB69}.Release|Any CPU.ActiveCfg = Release|Any CPU
		{303DD535-D4BA-440E-A72E-BE86DF6CCB69}.Release|Any CPU.Build.0 = Release|Any CPU
	EndGlobalSection
	GlobalSection(SolutionProperties) = preSolution
		HideSolutionNode = FALSE
	EndGlobalSection
	GlobalSection(ExtensibilityGlobals) = postSolution
		SolutionGuid = {23F3F754-3BDA-4E95-B408-9D7E4BCBED1D}
	EndGlobalSection
EndGlobal
